
Microsoft Visual Studio Solution File, Format Version 12.00
# Visual Studio Version 17
VisualStudioVersion = 17.0.31903.59
MinimumVisualStudioVersion = 10.0.40219.1
Project("{2150E333-8FDC-42A3-9474-1A3956D46DE8}") = "src", "src", "{F36BD266-CD75-4438-9BF9-CD91CDB18F2B}"
EndProject
Project("{FAE04EC0-301F-11D3-BF4B-00C04F79EFBC}") = "PaymentGateway.Api", "src\PaymentGateway.Api\PaymentGateway.Api.csproj", "{3CD9AAA2-2097-4874-9C40-FFDE26EE8E43}"
EndProject
Project("{2150E333-8FDC-42A3-9474-1A3956D46DE8}") = "test", "test", "{1EF69307-274F-458E-BBE8-4D390512A8C6}"
EndProject
Project("{2150E333-8FDC-42A3-9474-1A3956D46DE8}") = "tools", "tools", "{05689E7F-7E27-4881-A835-A9EF6802573B}"
EndProject
Project("{FAE04EC0-301F-11D3-BF4B-00C04F79EFBC}") = "PaymentGateway.AppHost", "tools\PaymentGateway.AppHost\PaymentGateway.AppHost.csproj", "{82816D6C-6491-4882-88FC-7EDB24EA236B}"
EndProject
Project("{FAE04EC0-301F-11D3-BF4B-00C04F79EFBC}") = "PaymentGateway.ServiceDefaults", "tools\PaymentGateway.ServiceDefaults\PaymentGateway.ServiceDefaults.csproj", "{91732221-200B-4EDE-A9D3-CDF3CF0025EB}"
EndProject
Project("{FAE04EC0-301F-11D3-BF4B-00C04F79EFBC}") = "PaymentGateway.Infrastructure", "src\PaymentGateway.Infrastructure\PaymentGateway.Infrastructure.csproj", "{EA9F7257-7972-402C-95E6-263E7D28FA84}"
EndProject
Project("{FAE04EC0-301F-11D3-BF4B-00C04F79EFBC}") = "PaymentGateway.Domain", "src\PaymentGateway.Domain\PaymentGateway.Domain.csproj", "{DFAF8C97-9DFC-4EE6-876A-5239034A727D}"
EndProject
Project("{FAE04EC0-301F-11D3-BF4B-00C04F79EFBC}") = "PaymentGateway.IntegrationTests", "tests\PaymentGateway.IntegrationTests\PaymentGateway.IntegrationTests.csproj", "{AC3EBD01-4D16-4DCF-BBCD-D7177E0EDBE3}"
EndProject
Project("{FAE04EC0-301F-11D3-BF4B-00C04F79EFBC}") = "PaymentGateway.Application", "src\PaymentGateway.Application\PaymentGateway.Application.csproj", "{EE3384B4-797F-4175-B45C-2305FBE96BD5}"
EndProject
Project("{FAE04EC0-301F-11D3-BF4B-00C04F79EFBC}") = "PaymentGateway.Infrastructure.UnitTests", "tests\PaymentGateway.Infrastructure.UnitTests\PaymentGateway.Infrastructure.UnitTests.csproj", "{115B9E79-12EB-44C5-969F-4D67FA82B641}"
EndProject
Global
	GlobalSection(SolutionConfigurationPlatforms) = preSolution
		Debug|Any CPU = Debug|Any CPU
		Release|Any CPU = Release|Any CPU
	EndGlobalSection
	GlobalSection(SolutionProperties) = preSolution
		HideSolutionNode = FALSE
	EndGlobalSection
	GlobalSection(ProjectConfigurationPlatforms) = postSolution
		{3CD9AAA2-2097-4874-9C40-FFDE26EE8E43}.Debug|Any CPU.ActiveCfg = Debug|Any CPU
		{3CD9AAA2-2097-4874-9C40-FFDE26EE8E43}.Debug|Any CPU.Build.0 = Debug|Any CPU
		{3CD9AAA2-2097-4874-9C40-FFDE26EE8E43}.Release|Any CPU.ActiveCfg = Release|Any CPU
		{3CD9AAA2-2097-4874-9C40-FFDE26EE8E43}.Release|Any CPU.Build.0 = Release|Any CPU
		{82816D6C-6491-4882-88FC-7EDB24EA236B}.Debug|Any CPU.ActiveCfg = Debug|Any CPU
		{82816D6C-6491-4882-88FC-7EDB24EA236B}.Debug|Any CPU.Build.0 = Debug|Any CPU
		{82816D6C-6491-4882-88FC-7EDB24EA236B}.Release|Any CPU.ActiveCfg = Release|Any CPU
		{82816D6C-6491-4882-88FC-7EDB24EA236B}.Release|Any CPU.Build.0 = Release|Any CPU
		{91732221-200B-4EDE-A9D3-CDF3CF0025EB}.Debug|Any CPU.ActiveCfg = Debug|Any CPU
		{91732221-200B-4EDE-A9D3-CDF3CF0025EB}.Debug|Any CPU.Build.0 = Debug|Any CPU
		{91732221-200B-4EDE-A9D3-CDF3CF0025EB}.Release|Any CPU.ActiveCfg = Release|Any CPU
		{91732221-200B-4EDE-A9D3-CDF3CF0025EB}.Release|Any CPU.Build.0 = Release|Any CPU
		{EA9F7257-7972-402C-95E6-263E7D28FA84}.Debug|Any CPU.ActiveCfg = Debug|Any CPU
		{EA9F7257-7972-402C-95E6-263E7D28FA84}.Debug|Any CPU.Build.0 = Debug|Any CPU
		{EA9F7257-7972-402C-95E6-263E7D28FA84}.Release|Any CPU.ActiveCfg = Release|Any CPU
		{EA9F7257-7972-402C-95E6-263E7D28FA84}.Release|Any CPU.Build.0 = Release|Any CPU
		{DFAF8C97-9DFC-4EE6-876A-5239034A727D}.Debug|Any CPU.ActiveCfg = Debug|Any CPU
		{DFAF8C97-9DFC-4EE6-876A-5239034A727D}.Debug|Any CPU.Build.0 = Debug|Any CPU
		{DFAF8C97-9DFC-4EE6-876A-5239034A727D}.Release|Any CPU.ActiveCfg = Release|Any CPU
		{DFAF8C97-9DFC-4EE6-876A-5239034A727D}.Release|Any CPU.Build.0 = Release|Any CPU
		{AC3EBD01-4D16-4DCF-BBCD-D7177E0EDBE3}.Debug|Any CPU.ActiveCfg = Debug|Any CPU
		{AC3EBD01-4D16-4DCF-BBCD-D7177E0EDBE3}.Debug|Any CPU.Build.0 = Debug|Any CPU
		{AC3EBD01-4D16-4DCF-BBCD-D7177E0EDBE3}.Release|Any CPU.ActiveCfg = Release|Any CPU
		{AC3EBD01-4D16-4DCF-BBCD-D7177E0EDBE3}.Release|Any CPU.Build.0 = Release|Any CPU
		{EE3384B4-797F-4175-B45C-2305FBE96BD5}.Debug|Any CPU.ActiveCfg = Debug|Any CPU
		{EE3384B4-797F-4175-B45C-2305FBE96BD5}.Debug|Any CPU.Build.0 = Debug|Any CPU
		{EE3384B4-797F-4175-B45C-2305FBE96BD5}.Release|Any CPU.ActiveCfg = Release|Any CPU
		{EE3384B4-797F-4175-B45C-2305FBE96BD5}.Release|Any CPU.Build.0 = Release|Any CPU
		{115B9E79-12EB-44C5-969F-4D67FA82B641}.Debug|Any CPU.ActiveCfg = Debug|Any CPU
		{115B9E79-12EB-44C5-969F-4D67FA82B641}.Debug|Any CPU.Build.0 = Debug|Any CPU
		{115B9E79-12EB-44C5-969F-4D67FA82B641}.Release|Any CPU.ActiveCfg = Release|Any CPU
		{115B9E79-12EB-44C5-969F-4D67FA82B641}.Release|Any CPU.Build.0 = Release|Any CPU
	EndGlobalSection
	GlobalSection(NestedProjects) = preSolution
		{3CD9AAA2-2097-4874-9C40-FFDE26EE8E43} = {F36BD266-CD75-4438-9BF9-CD91CDB18F2B}
		{82816D6C-6491-4882-88FC-7EDB24EA236B} = {05689E7F-7E27-4881-A835-A9EF6802573B}
		{91732221-200B-4EDE-A9D3-CDF3CF0025EB} = {05689E7F-7E27-4881-A835-A9EF6802573B}
		{EA9F7257-7972-402C-95E6-263E7D28FA84} = {F36BD266-CD75-4438-9BF9-CD91CDB18F2B}
		{DFAF8C97-9DFC-4EE6-876A-5239034A727D} = {F36BD266-CD75-4438-9BF9-CD91CDB18F2B}
		{AC3EBD01-4D16-4DCF-BBCD-D7177E0EDBE3} = {1EF69307-274F-458E-BBE8-4D390512A8C6}
		{EE3384B4-797F-4175-B45C-2305FBE96BD5} = {F36BD266-CD75-4438-9BF9-CD91CDB18F2B}
		{115B9E79-12EB-44C5-969F-4D67FA82B641} = {1EF69307-274F-458E-BBE8-4D390512A8C6}
	EndGlobalSection
EndGlobal
